
Microsoft Visual Studio Solution File, Format Version 12.00
# Visual Studio Version 17
VisualStudioVersion = 17.0.31903.59
MinimumVisualStudioVersion = 10.0.40219.1
Project("{9A19103F-16F7-4668-BE54-9A1E7A4F7556}") = "Jobs", "src\Jobs\Jobs.csproj", "{926F8615-D032-4459-B4FE-C2BD8BF3972A}"
EndProject
Global
	GlobalSection(SolutionConfigurationPlatforms) = preSolution
		Debug|Any CPU = Debug|Any CPU
		Release|Any CPU = Release|Any CPU
	EndGlobalSection
	GlobalSection(ProjectConfigurationPlatforms) = postSolution
		{926F8615-D032-4459-B4FE-C2BD8BF3972A}.Debug|Any CPU.ActiveCfg = Debug|Any CPU
		{926F8615-D032-4459-B4FE-C2BD8BF3972A}.Debug|Any CPU.Build.0 = Debug|Any CPU
		{926F8615-D032-4459-B4FE-C2BD8BF3972A}.Release|Any CPU.ActiveCfg = Release|Any CPU
		{926F8615-D032-4459-B4FE-C2BD8BF3972A}.Release|Any CPU.Build.0 = Release|Any CPU
	EndGlobalSection
	GlobalSection(SolutionProperties) = preSolution
		HideSolutionNode = FALSE
	EndGlobalSection
	GlobalSection(ExtensibilityGlobals) = postSolution
		SolutionGuid = {FB82EEAA-56AF-4BA2-83DF-CDDC1985DC30}
	EndGlobalSection
EndGlobal
