
Microsoft Visual Studio Solution File, Format Version 12.00
# Visual Studio Version 17
VisualStudioVersion = 17.0.31903.59
MinimumVisualStudioVersion = 10.0.40219.1
Project("{FAE04EC0-301F-11D3-BF4B-00C04F79EFBC}") = "Jobs.UnitTests", "src\Jobs.UnitTests\Jobs.UnitTests.csproj", "{7F546CA8-2FE8-4635-8898-F6E5DC9E0597}"
EndProject
Project("{FAE04EC0-301F-11D3-BF4B-00C04F79EFBC}") = "Jobs", "src\Jobs\Jobs.csproj", "{40F21823-69A0-4B3C-B94E-CCD1F5ECEC5F}"
EndProject
Global
	GlobalSection(SolutionConfigurationPlatforms) = preSolution
		Debug|Any CPU = Debug|Any CPU
		Release|Any CPU = Release|Any CPU
	EndGlobalSection
	GlobalSection(ProjectConfigurationPlatforms) = postSolution
		{7F546CA8-2FE8-4635-8898-F6E5DC9E0597}.Debug|Any CPU.ActiveCfg = Debug|Any CPU
		{7F546CA8-2FE8-4635-8898-F6E5DC9E0597}.Debug|Any CPU.Build.0 = Debug|Any CPU
		{7F546CA8-2FE8-4635-8898-F6E5DC9E0597}.Release|Any CPU.ActiveCfg = Release|Any CPU
		{7F546CA8-2FE8-4635-8898-F6E5DC9E0597}.Release|Any CPU.Build.0 = Release|Any CPU
		{40F21823-69A0-4B3C-B94E-CCD1F5ECEC5F}.Debug|Any CPU.ActiveCfg = Debug|Any CPU
		{40F21823-69A0-4B3C-B94E-CCD1F5ECEC5F}.Debug|Any CPU.Build.0 = Debug|Any CPU
		{40F21823-69A0-4B3C-B94E-CCD1F5ECEC5F}.Release|Any CPU.ActiveCfg = Release|Any CPU
		{40F21823-69A0-4B3C-B94E-CCD1F5ECEC5F}.Release|Any CPU.Build.0 = Release|Any CPU
	EndGlobalSection
	GlobalSection(SolutionProperties) = preSolution
		HideSolutionNode = FALSE
	EndGlobalSection
	GlobalSection(ExtensibilityGlobals) = postSolution
		SolutionGuid = {FB82EEAA-56AF-4BA2-83DF-CDDC1985DC30}
	EndGlobalSection
EndGlobal
